
Microsoft Visual Studio Solution File, Format Version 12.00
# Visual Studio Version 17
VisualStudioVersion = 17.5.002.0
MinimumVisualStudioVersion = 10.0.40219.1
Project("{9A19103F-16F7-4668-BE54-9A1E7A4F7556}") = "C-digosDiagrumius", "C-digosDiagrumius\C-digosDiagrumius.csproj", "{4D81C917-5186-4754-8DC1-BBF221FD31A6}"
EndProject
Global
	GlobalSection(SolutionConfigurationPlatforms) = preSolution
		Debug|Any CPU = Debug|Any CPU
		Release|Any CPU = Release|Any CPU
	EndGlobalSection
	GlobalSection(ProjectConfigurationPlatforms) = postSolution
		{4D81C917-5186-4754-8DC1-BBF221FD31A6}.Debug|Any CPU.ActiveCfg = Debug|Any CPU
		{4D81C917-5186-4754-8DC1-BBF221FD31A6}.Debug|Any CPU.Build.0 = Debug|Any CPU
		{4D81C917-5186-4754-8DC1-BBF221FD31A6}.Release|Any CPU.ActiveCfg = Release|Any CPU
		{4D81C917-5186-4754-8DC1-BBF221FD31A6}.Release|Any CPU.Build.0 = Release|Any CPU
	EndGlobalSection
	GlobalSection(SolutionProperties) = preSolution
		HideSolutionNode = FALSE
	EndGlobalSection
	GlobalSection(ExtensibilityGlobals) = postSolution
		SolutionGuid = {32E72601-1C55-437F-A30A-B09D67E02F00}
	EndGlobalSection
EndGlobal
